{
  "version": 4,
  "terraform_version": "1.4.6",
  "serial": 23,
  "lineage": "23a972e0-0c2b-a439-b175-a367dee4c0a9",
  "outputs": {
    "outputname": {
      "value": "https://github.com/MahnoorShafique/sec-repo-using-terraform",
      "type": "string"
    }
  },
  "resources": [
    {
      "mode": "managed",
      "type": "github_repository",
      "name": "terraform-first-repo",
      "provider": "provider[\"registry.terraform.io/hashicorp/github\"]",
      "instances": [
        {
          "schema_version": 1,
          "attributes": {
            "allow_auto_merge": false,
            "allow_merge_commit": true,
            "allow_rebase_merge": true,
            "allow_squash_merge": true,
            "allow_update_branch": false,
            "archive_on_destroy": null,
            "archived": false,
            "auto_init": true,
            "default_branch": "main",
            "delete_branch_on_merge": false,
            "description": "My awesome codebase",
            "etag": "W/\"cafdc4adf4c5ffa82fc1b1d7f3a8d37c0fe175210031745d0410204a212e0c18\"",
            "full_name": "MahnoorShafique/first-repo-using-terraform",
            "git_clone_url": "git://github.com/MahnoorShafique/first-repo-using-terraform.git",
            "gitignore_template": null,
            "has_discussions": false,
            "has_downloads": false,
            "has_issues": false,
            "has_projects": false,
            "has_wiki": false,
            "homepage_url": "",
            "html_url": "https://github.com/MahnoorShafique/first-repo-using-terraform",
            "http_clone_url": "https://github.com/MahnoorShafique/first-repo-using-terraform.git",
            "id": "first-repo-using-terraform",
            "ignore_vulnerability_alerts_during_read": null,
            "is_template": false,
            "license_template": null,
            "merge_commit_message": "PR_TITLE",
            "merge_commit_title": "MERGE_MESSAGE",
            "name": "first-repo-using-terraform",
            "node_id": "R_kgDOJpQSBw",
            "pages": [],
            "private": false,
            "repo_id": 647238151,
            "security_and_analysis": [
              {
                "advanced_security": [],
                "secret_scanning": [
                  {
                    "status": "disabled"
                  }
                ],
                "secret_scanning_push_protection": [
                  {
                    "status": "disabled"
                  }
                ]
              }
            ],
            "squash_merge_commit_message": "COMMIT_MESSAGES",
            "squash_merge_commit_title": "COMMIT_OR_PR_TITLE",
            "ssh_clone_url": "git@github.com:MahnoorShafique/first-repo-using-terraform.git",
            "svn_url": "https://github.com/MahnoorShafique/first-repo-using-terraform",
            "template": [],
            "topics": null,
            "visibility": "public",
            "vulnerability_alerts": false
          },
          "sensitive_attributes": [],
          "private": "eyJzY2hlbWFfdmVyc2lvbiI6IjEifQ=="
        }
      ]
    },
    {
      "mode": "managed",
      "type": "github_repository",
      "name": "terraform-sec-repo",
      "provider": "provider[\"registry.terraform.io/hashicorp/github\"]",
      "instances": [
        {
          "schema_version": 1,
          "attributes": {
            "allow_auto_merge": false,
            "allow_merge_commit": true,
            "allow_rebase_merge": true,
            "allow_squash_merge": true,
            "allow_update_branch": false,
            "archive_on_destroy": null,
            "archived": false,
            "auto_init": true,
            "default_branch": "main",
            "delete_branch_on_merge": false,
            "description": "My awesome codebase22222",
            "etag": "W/\"1ead2eaf21ff3bd01cc559cd2391e85be3558479569cfe465f955e8276734ff4\"",
            "full_name": "MahnoorShafique/sec-repo-using-terraform",
            "git_clone_url": "git://github.com/MahnoorShafique/sec-repo-using-terraform.git",
            "gitignore_template": null,
            "has_discussions": false,
            "has_downloads": false,
            "has_issues": false,
            "has_projects": false,
            "has_wiki": false,
            "homepage_url": "",
            "html_url": "https://github.com/MahnoorShafique/sec-repo-using-terraform",
            "http_clone_url": "https://github.com/MahnoorShafique/sec-repo-using-terraform.git",
            "id": "sec-repo-using-terraform",
            "ignore_vulnerability_alerts_during_read": null,
            "is_template": false,
            "license_template": null,
            "merge_commit_message": "PR_TITLE",
            "merge_commit_title": "MERGE_MESSAGE",
            "name": "sec-repo-using-terraform",
            "node_id": "R_kgDOJpQR9g",
            "pages": [],
            "private": false,
            "repo_id": 647238134,
            "security_and_analysis": [
              {
                "advanced_security": [],
                "secret_scanning": [
                  {
                    "status": "disabled"
                  }
                ],
                "secret_scanning_push_protection": [
                  {
                    "status": "disabled"
                  }
                ]
              }
            ],
            "squash_merge_commit_message": "COMMIT_MESSAGES",
            "squash_merge_commit_title": "COMMIT_OR_PR_TITLE",
            "ssh_clone_url": "git@github.com:MahnoorShafique/sec-repo-using-terraform.git",
            "svn_url": "https://github.com/MahnoorShafique/sec-repo-using-terraform",
            "template": [],
            "topics": null,
            "visibility": "public",
            "vulnerability_alerts": false
          },
          "sensitive_attributes": [],
          "private": "eyJzY2hlbWFfdmVyc2lvbiI6IjEifQ=="
        }
      ]
    }
  ],
  "check_results": null
}
